GEM
  remote: https://rubygems.org/
  specs:
    colorize (0.7.3)
    diff-lcs (1.2.5)
    faker (1.4.3)
      i18n (~> 0.5)
    i18n (0.6.11)
    rspec (3.0.0)
      rspec-core (~> 3.0.0)
      rspec-expectations (~> 3.0.0)
      rspec-mocks (~> 3.0.0)
    rspec-core (3.0.4)
      rspec-support (~> 3.0.0)
    rspec-expectations (3.0.4)
      diff-lcs (>= 1.2.0, < 2.0)
      rspec-support (~> 3.0.0)
    rspec-mocks (3.0.4)
      rspec-support (~> 3.0.0)
    rspec-support (3.0.4)

PLATFORMS
  ruby

DEPENDENCIES
  colorize (= 0.7.3)
  faker (= 1.4.3)
  rspec (= 3.0.0)
